
Microsoft Visual Studio Solution File, Format Version 12.00
# Visual Studio Version 17
VisualStudioVersion = 17.0.32126.317
MinimumVisualStudioVersion = 10.0.40219.1
Project("{FAE04EC0-301F-11D3-BF4B-00C04F79EFBC}") = "drala-api", "drala-api\drala-api.csproj", "{BBEC95ED-41A6-4FCC-A963-9D8AB0C954D7}"
EndProject
Global
	GlobalSection(SolutionConfigurationPlatforms) = preSolution
		Debug|Any CPU = Debug|Any CPU
		Release|Any CPU = Release|Any CPU
	EndGlobalSection
	GlobalSection(ProjectConfigurationPlatforms) = postSolution
		{BBEC95ED-41A6-4FCC-A963-9D8AB0C954D7}.Debug|Any CPU.ActiveCfg = Debug|Any CPU
		{BBEC95ED-41A6-4FCC-A963-9D8AB0C954D7}.Debug|Any CPU.Build.0 = Debug|Any CPU
		{BBEC95ED-41A6-4FCC-A963-9D8AB0C954D7}.Release|Any CPU.ActiveCfg = Release|Any CPU
		{BBEC95ED-41A6-4FCC-A963-9D8AB0C954D7}.Release|Any CPU.Build.0 = Release|Any CPU
	EndGlobalSection
	GlobalSection(SolutionProperties) = preSolution
		HideSolutionNode = FALSE
	EndGlobalSection
	GlobalSection(ExtensibilityGlobals) = postSolution
		SolutionGuid = {751C3C54-12D2-4BE2-9355-566FBFD04983}
	EndGlobalSection
EndGlobal
